// !$*UTF8*$!
{
	archiveVersion = 1;
	classes = {
	};
	objectVersion = 55;
	objects = {

/* Begin PBXBuildFile section */
		319FF43A281B6B8C00682A56 /* WelcomeViewController.swift in Sources */ = {isa = PBXBuildFile; fileRef = 319FF439281B6B8C00682A56 /* WelcomeViewController.swift */; };
		33C216BB1CD3E34AA6B67BC1 /* Pods_BonVoyaTests.framework in Frameworks */ = {isa = PBXBuildFile; fileRef = 5AF3112037FE61E5784924E0 /* Pods_BonVoyaTests.framework */; };
		3B7578FC470F8CBF4201BA3E /* Pods_BonVoya.framework in Frameworks */ = {isa = PBXBuildFile; fileRef = D2475C6BC72FE841AC28A3D9 /* Pods_BonVoya.framework */; };
		4E55970D282654B5008C1184 /* DashCell.swift in Sources */ = {isa = PBXBuildFile; fileRef = 4E55970C282654B5008C1184 /* DashCell.swift */; };
		A1056C2C2814D7AF0015F973 /* LoginViewController.swift in Sources */ = {isa = PBXBuildFile; fileRef = A1056C2B2814D7AF0015F973 /* LoginViewController.swift */; };
		A12E056A2835B0CB0047F9FF /* WeatherManager.swift in Sources */ = {isa = PBXBuildFile; fileRef = A12E05692835B0CB0047F9FF /* WeatherManager.swift */; };
		A159D70F281FA1B9005518CC /* DashViewController.swift in Sources */ = {isa = PBXBuildFile; fileRef = A159D70E281FA1B9005518CC /* DashViewController.swift */; };
		A19A92EE280FC0E8007822ED /* AppDelegate.swift in Sources */ = {isa = PBXBuildFile; fileRef = A19A92ED280FC0E8007822ED /* AppDelegate.swift */; };
		A19A92F0280FC0E8007822ED /* SceneDelegate.swift in Sources */ = {isa = PBXBuildFile; fileRef = A19A92EF280FC0E8007822ED /* SceneDelegate.swift */; };
		A19A92F5280FC0E8007822ED /* Main.storyboard in Resources */ = {isa = PBXBuildFile; fileRef = A19A92F3280FC0E8007822ED /* Main.storyboard */; };
		A19A92F7280FC0EB007822ED /* Assets.xcassets in Resources */ = {isa = PBXBuildFile; fileRef = A19A92F6280FC0EB007822ED /* Assets.xcassets */; };
		A19A92FA280FC0EB007822ED /* LaunchScreen.storyboard in Resources */ = {isa = PBXBuildFile; fileRef = A19A92F8280FC0EB007822ED /* LaunchScreen.storyboard */; };
		A19A9305280FC0EB007822ED /* BonVoyaTests.swift in Sources */ = {isa = PBXBuildFile; fileRef = A19A9304280FC0EB007822ED /* BonVoyaTests.swift */; };
		A19A930F280FC0EB007822ED /* BonVoyaUITests.swift in Sources */ = {isa = PBXBuildFile; fileRef = A19A930E280FC0EB007822ED /* BonVoyaUITests.swift */; };
		A19A9311280FC0EB007822ED /* BonVoyaUITestsLaunchTests.swift in Sources */ = {isa = PBXBuildFile; fileRef = A19A9310280FC0EB007822ED /* BonVoyaUITestsLaunchTests.swift */; };
		C1B85BFF63416CCF08542CB1 /* Pods_BonVoya_BonVoyaUITests.framework in Frameworks */ = {isa = PBXBuildFile; fileRef = 8E0B88938417075381C0EE38 /* Pods_BonVoya_BonVoyaUITests.framework */; };
/* End PBXBuildFile section */

/* Begin PBXContainerItemProxy section */
		A19A9301280FC0EB007822ED /* PBXContainerItemProxy */ = {
			isa = PBXContainerItemProxy;
			containerPortal = A19A92E2280FC0E7007822ED /* Project object */;
			proxyType = 1;
			remoteGlobalIDString = A19A92E9280FC0E7007822ED;
			remoteInfo = BonVoya;
		};
		A19A930B280FC0EB007822ED /* PBXContainerItemProxy */ = {
			isa = PBXContainerItemProxy;
			containerPortal = A19A92E2280FC0E7007822ED /* Project object */;
			proxyType = 1;
			remoteGlobalIDString = A19A92E9280FC0E7007822ED;
			remoteInfo = BonVoya;
		};
/* End PBXContainerItemProxy section */

/* Begin PBXFileReference section */
		0F7F48F1FA0152725AA0B08C /* Pods-BonVoyaTests.release.xcconfig */ = {isa = PBXFileReference; includeInIndex = 1; lastKnownFileType = text.xcconfig; name = "Pods-BonVoyaTests.release.xcconfig"; path = "Target Support Files/Pods-BonVoyaTests/Pods-BonVoyaTests.release.xcconfig"; sourceTree = "<group>"; };
		319FF439281B6B8C00682A56 /* WelcomeViewController.swift */ = {isa = PBXFileReference; lastKnownFileType = sourcecode.swift; path = WelcomeViewController.swift; sourceTree = "<group>"; };
		4901A6929CBA2F198F05A473 /* Pods-BonVoya-BonVoyaUITests.debug.xcconfig */ = {isa = PBXFileReference; includeInIndex = 1; lastKnownFileType = text.xcconfig; name = "Pods-BonVoya-BonVoyaUITests.debug.xcconfig"; path = "Target Support Files/Pods-BonVoya-BonVoyaUITests/Pods-BonVoya-BonVoyaUITests.debug.xcconfig"; sourceTree = "<group>"; };
		4E55970C282654B5008C1184 /* DashCell.swift */ = {isa = PBXFileReference; lastKnownFileType = sourcecode.swift; path = DashCell.swift; sourceTree = "<group>"; };
		5AF3112037FE61E5784924E0 /* Pods_BonVoyaTests.framework */ = {isa = PBXFileReference; explicitFileType = wrapper.framework; includeInIndex = 0; path = Pods_BonVoyaTests.framework; sourceTree = BUILT_PRODUCTS_DIR; };
		61AFD5D7F05F802B936D4499 /* Pods-BonVoya-BonVoyaUITests.release.xcconfig */ = {isa = PBXFileReference; includeInIndex = 1; lastKnownFileType = text.xcconfig; name = "Pods-BonVoya-BonVoyaUITests.release.xcconfig"; path = "Target Support Files/Pods-BonVoya-BonVoyaUITests/Pods-BonVoya-BonVoyaUITests.release.xcconfig"; sourceTree = "<group>"; };
		8DF13146E87E6BA33B251D7D /* Pods-BonVoya.release.xcconfig */ = {isa = PBXFileReference; includeInIndex = 1; lastKnownFileType = text.xcconfig; name = "Pods-BonVoya.release.xcconfig"; path = "Target Support Files/Pods-BonVoya/Pods-BonVoya.release.xcconfig"; sourceTree = "<group>"; };
		8E0B88938417075381C0EE38 /* Pods_BonVoya_BonVoyaUITests.framework */ = {isa = PBXFileReference; explicitFileType = wrapper.framework; includeInIndex = 0; path = Pods_BonVoya_BonVoyaUITests.framework; sourceTree = BUILT_PRODUCTS_DIR; };
		A1056C2B2814D7AF0015F973 /* LoginViewController.swift */ = {isa = PBXFileReference; lastKnownFileType = sourcecode.swift; path = LoginViewController.swift; sourceTree = "<group>"; };
		A12E05692835B0CB0047F9FF /* WeatherManager.swift */ = {isa = PBXFileReference; lastKnownFileType = sourcecode.swift; path = WeatherManager.swift; sourceTree = "<group>"; };
		A159D70E281FA1B9005518CC /* DashViewController.swift */ = {isa = PBXFileReference; fileEncoding = 4; lastKnownFileType = sourcecode.swift; path = DashViewController.swift; sourceTree = "<group>"; };
		A19A92EA280FC0E8007822ED /* BonVoya.app */ = {isa = PBXFileReference; explicitFileType = wrapper.application; includeInIndex = 0; path = BonVoya.app; sourceTree = BUILT_PRODUCTS_DIR; };
		A19A92ED280FC0E8007822ED /* AppDelegate.swift */ = {isa = PBXFileReference; lastKnownFileType = sourcecode.swift; path = AppDelegate.swift; sourceTree = "<group>"; };
		A19A92EF280FC0E8007822ED /* SceneDelegate.swift */ = {isa = PBXFileReference; lastKnownFileType = sourcecode.swift; path = SceneDelegate.swift; sourceTree = "<group>"; };
		A19A92F4280FC0E8007822ED /* Base */ = {isa = PBXFileReference; lastKnownFileType = file.storyboard; name = Base; path = Base.lproj/Main.storyboard; sourceTree = "<group>"; };
		A19A92F6280FC0EB007822ED /* Assets.xcassets */ = {isa = PBXFileReference; lastKnownFileType = folder.assetcatalog; path = Assets.xcassets; sourceTree = "<group>"; };
		A19A92F9280FC0EB007822ED /* Base */ = {isa = PBXFileReference; lastKnownFileType = file.storyboard; name = Base; path = Base.lproj/LaunchScreen.storyboard; sourceTree = "<group>"; };
		A19A92FB280FC0EB007822ED /* Info.plist */ = {isa = PBXFileReference; lastKnownFileType = text.plist.xml; path = Info.plist; sourceTree = "<group>"; };
		A19A9300280FC0EB007822ED /* BonVoyaTests.xctest */ = {isa = PBXFileReference; explicitFileType = wrapper.cfbundle; includeInIndex = 0; path = BonVoyaTests.xctest; sourceTree = BUILT_PRODUCTS_DIR; };
		A19A9304280FC0EB007822ED /* BonVoyaTests.swift */ = {isa = PBXFileReference; lastKnownFileType = sourcecode.swift; path = BonVoyaTests.swift; sourceTree = "<group>"; };
		A19A930A280FC0EB007822ED /* BonVoyaUITests.xctest */ = {isa = PBXFileReference; explicitFileType = wrapper.cfbundle; includeInIndex = 0; path = BonVoyaUITests.xctest; sourceTree = BUILT_PRODUCTS_DIR; };
		A19A930E280FC0EB007822ED /* BonVoyaUITests.swift */ = {isa = PBXFileReference; lastKnownFileType = sourcecode.swift; path = BonVoyaUITests.swift; sourceTree = "<group>"; };
		A19A9310280FC0EB007822ED /* BonVoyaUITestsLaunchTests.swift */ = {isa = PBXFileReference; lastKnownFileType = sourcecode.swift; path = BonVoyaUITestsLaunchTests.swift; sourceTree = "<group>"; };
		A1AC95522810DE3000E1270B /* README.md */ = {isa = PBXFileReference; lastKnownFileType = net.daringfireball.markdown; path = README.md; sourceTree = SOURCE_ROOT; };
		B1E16885653B267EA1C2C98A /* Pods-BonVoya.debug.xcconfig */ = {isa = PBXFileReference; includeInIndex = 1; lastKnownFileType = text.xcconfig; name = "Pods-BonVoya.debug.xcconfig"; path = "Target Support Files/Pods-BonVoya/Pods-BonVoya.debug.xcconfig"; sourceTree = "<group>"; };
		C979C36C94CF2D3552A68F75 /* Pods-BonVoyaTests.debug.xcconfig */ = {isa = PBXFileReference; includeInIndex = 1; lastKnownFileType = text.xcconfig; name = "Pods-BonVoyaTests.debug.xcconfig"; path = "Target Support Files/Pods-BonVoyaTests/Pods-BonVoyaTests.debug.xcconfig"; sourceTree = "<group>"; };
		D2475C6BC72FE841AC28A3D9 /* Pods_BonVoya.framework */ = {isa = PBXFileReference; explicitFileType = wrapper.framework; includeInIndex = 0; path = Pods_BonVoya.framework; sourceTree = BUILT_PRODUCTS_DIR; };
/* End PBXFileReference section */

/* Begin PBXFrameworksBuildPhase section */
		A19A92E7280FC0E7007822ED /* Frameworks */ = {
			isa = PBXFrameworksBuildPhase;
			buildActionMask = 2147483647;
			files = (
				3B7578FC470F8CBF4201BA3E /* Pods_BonVoya.framework in Frameworks */,
			);
			runOnlyForDeploymentPostprocessing = 0;
		};
		A19A92FD280FC0EB007822ED /* Frameworks */ = {
			isa = PBXFrameworksBuildPhase;
			buildActionMask = 2147483647;
			files = (
				33C216BB1CD3E34AA6B67BC1 /* Pods_BonVoyaTests.framework in Frameworks */,
			);
			runOnlyForDeploymentPostprocessing = 0;
		};
		A19A9307280FC0EB007822ED /* Frameworks */ = {
			isa = PBXFrameworksBuildPhase;
			buildActionMask = 2147483647;
			files = (
				C1B85BFF63416CCF08542CB1 /* Pods_BonVoya_BonVoyaUITests.framework in Frameworks */,
			);
			runOnlyForDeploymentPostprocessing = 0;
		};
/* End PBXFrameworksBuildPhase section */

/* Begin PBXGroup section */
		54BE2952163EBBA28B19CC6B /* Pods */ = {
			isa = PBXGroup;
			children = (
				B1E16885653B267EA1C2C98A /* Pods-BonVoya.debug.xcconfig */,
				8DF13146E87E6BA33B251D7D /* Pods-BonVoya.release.xcconfig */,
				4901A6929CBA2F198F05A473 /* Pods-BonVoya-BonVoyaUITests.debug.xcconfig */,
				61AFD5D7F05F802B936D4499 /* Pods-BonVoya-BonVoyaUITests.release.xcconfig */,
				C979C36C94CF2D3552A68F75 /* Pods-BonVoyaTests.debug.xcconfig */,
				0F7F48F1FA0152725AA0B08C /* Pods-BonVoyaTests.release.xcconfig */,
			);
			path = Pods;
			sourceTree = "<group>";
		};
		977B716F5D0F9C6AA983BFF9 /* Frameworks */ = {
			isa = PBXGroup;
			children = (
				D2475C6BC72FE841AC28A3D9 /* Pods_BonVoya.framework */,
				8E0B88938417075381C0EE38 /* Pods_BonVoya_BonVoyaUITests.framework */,
				5AF3112037FE61E5784924E0 /* Pods_BonVoyaTests.framework */,
			);
			name = Frameworks;
			sourceTree = "<group>";
		};
		A19A92E1280FC0E7007822ED = {
			isa = PBXGroup;
			children = (
				A1AC95522810DE3000E1270B /* README.md */,
				A19A92EC280FC0E8007822ED /* BonVoya */,
				A19A9303280FC0EB007822ED /* BonVoyaTests */,
				A19A930D280FC0EB007822ED /* BonVoyaUITests */,
				A19A92EB280FC0E8007822ED /* Products */,
				54BE2952163EBBA28B19CC6B /* Pods */,
				977B716F5D0F9C6AA983BFF9 /* Frameworks */,
			);
			sourceTree = "<group>";
		};
		A19A92EB280FC0E8007822ED /* Products */ = {
			isa = PBXGroup;
			children = (
				A19A92EA280FC0E8007822ED /* BonVoya.app */,
				A19A9300280FC0EB007822ED /* BonVoyaTests.xctest */,
				A19A930A280FC0EB007822ED /* BonVoyaUITests.xctest */,
			);
			name = Products;
			sourceTree = "<group>";
		};
		A19A92EC280FC0E8007822ED /* BonVoya */ = {
			isa = PBXGroup;
			children = (
				A19A92ED280FC0E8007822ED /* AppDelegate.swift */,
				A19A92EF280FC0E8007822ED /* SceneDelegate.swift */,
				319FF439281B6B8C00682A56 /* WelcomeViewController.swift */,
				A1056C2B2814D7AF0015F973 /* LoginViewController.swift */,
				A159D70E281FA1B9005518CC /* DashViewController.swift */,
				A12E05692835B0CB0047F9FF /* WeatherManager.swift */,
				4E55970C282654B5008C1184 /* DashCell.swift */,
				A19A92F3280FC0E8007822ED /* Main.storyboard */,
				A19A92F8280FC0EB007822ED /* LaunchScreen.storyboard */,
				A19A92F6280FC0EB007822ED /* Assets.xcassets */,
				A19A92FB280FC0EB007822ED /* Info.plist */,
			);
			path = BonVoya;
			sourceTree = "<group>";
		};
		A19A9303280FC0EB007822ED /* BonVoyaTests */ = {
			isa = PBXGroup;
			children = (
				A19A9304280FC0EB007822ED /* BonVoyaTests.swift */,
			);
			path = BonVoyaTests;
			sourceTree = "<group>";
		};
		A19A930D280FC0EB007822ED /* BonVoyaUITests */ = {
			isa = PBXGroup;
			children = (
				A19A930E280FC0EB007822ED /* BonVoyaUITests.swift */,
				A19A9310280FC0EB007822ED /* BonVoyaUITestsLaunchTests.swift */,
			);
			path = BonVoyaUITests;
			sourceTree = "<group>";
		};
/* End PBXGroup section */

/* Begin PBXNativeTarget section */
		A19A92E9280FC0E7007822ED /* BonVoya */ = {
			isa = PBXNativeTarget;
			buildConfigurationList = A19A9314280FC0EB007822ED /* Build configuration list for PBXNativeTarget "BonVoya" */;
			buildPhases = (
				D4BCF73F5EC09070DD2C38C2 /* [CP] Check Pods Manifest.lock */,
				A19A92E6280FC0E7007822ED /* Sources */,
				A19A92E7280FC0E7007822ED /* Frameworks */,
				A19A92E8280FC0E7007822ED /* Resources */,
				AE284789B720F0AE8625C913 /* [CP] Embed Pods Frameworks */,
			);
			buildRules = (
			);
			dependencies = (
			);
			name = BonVoya;
			productName = BonVoya;
			productReference = A19A92EA280FC0E8007822ED /* BonVoya.app */;
			productType = "com.apple.product-type.application";
		};
		A19A92FF280FC0EB007822ED /* BonVoyaTests */ = {
			isa = PBXNativeTarget;
			buildConfigurationList = A19A9317280FC0EB007822ED /* Build configuration list for PBXNativeTarget "BonVoyaTests" */;
			buildPhases = (
				5BD66738B1FF528D31722387 /* [CP] Check Pods Manifest.lock */,
				A19A92FC280FC0EB007822ED /* Sources */,
				A19A92FD280FC0EB007822ED /* Frameworks */,
				A19A92FE280FC0EB007822ED /* Resources */,
			);
			buildRules = (
			);
			dependencies = (
				A19A9302280FC0EB007822ED /* PBXTargetDependency */,
			);
			name = BonVoyaTests;
			productName = BonVoyaTests;
			productReference = A19A9300280FC0EB007822ED /* BonVoyaTests.xctest */;
			productType = "com.apple.product-type.bundle.unit-test";
		};
		A19A9309280FC0EB007822ED /* BonVoyaUITests */ = {
			isa = PBXNativeTarget;
			buildConfigurationList = A19A931A280FC0EB007822ED /* Build configuration list for PBXNativeTarget "BonVoyaUITests" */;
			buildPhases = (
				6D937EF79480E33881CD00E7 /* [CP] Check Pods Manifest.lock */,
				A19A9306280FC0EB007822ED /* Sources */,
				A19A9307280FC0EB007822ED /* Frameworks */,
				A19A9308280FC0EB007822ED /* Resources */,
				3D36B5FDC502252C3470BC74 /* [CP] Embed Pods Frameworks */,
			);
			buildRules = (
			);
			dependencies = (
				A19A930C280FC0EB007822ED /* PBXTargetDependency */,
			);
			name = BonVoyaUITests;
			productName = BonVoyaUITests;
			productReference = A19A930A280FC0EB007822ED /* BonVoyaUITests.xctest */;
			productType = "com.apple.product-type.bundle.ui-testing";
		};
/* End PBXNativeTarget section */

/* Begin PBXProject section */
		A19A92E2280FC0E7007822ED /* Project object */ = {
			isa = PBXProject;
			attributes = {
				BuildIndependentTargetsInParallel = 1;
				LastSwiftUpdateCheck = 1330;
				LastUpgradeCheck = 1330;
				TargetAttributes = {
					A19A92E9280FC0E7007822ED = {
						CreatedOnToolsVersion = 13.3.1;
					};
					A19A92FF280FC0EB007822ED = {
						CreatedOnToolsVersion = 13.3.1;
						TestTargetID = A19A92E9280FC0E7007822ED;
					};
					A19A9309280FC0EB007822ED = {
						CreatedOnToolsVersion = 13.3.1;
						TestTargetID = A19A92E9280FC0E7007822ED;
					};
				};
			};
			buildConfigurationList = A19A92E5280FC0E7007822ED /* Build configuration list for PBXProject "BonVoya" */;
			compatibilityVersion = "Xcode 13.0";
			developmentRegion = en;
			hasScannedForEncodings = 0;
			knownRegions = (
				en,
				Base,
			);
			mainGroup = A19A92E1280FC0E7007822ED;
			productRefGroup = A19A92EB280FC0E8007822ED /* Products */;
			projectDirPath = "";
			projectRoot = "";
			targets = (
				A19A92E9280FC0E7007822ED /* BonVoya */,
				A19A92FF280FC0EB007822ED /* BonVoyaTests */,
				A19A9309280FC0EB007822ED /* BonVoyaUITests */,
			);
		};
/* End PBXProject section */

/* Begin PBXResourcesBuildPhase section */
		A19A92E8280FC0E7007822ED /* Resources */ = {
			isa = PBXResourcesBuildPhase;
			buildActionMask = 2147483647;
			files = (
				A19A92FA280FC0EB007822ED /* LaunchScreen.storyboard in Resources */,
				A19A92F7280FC0EB007822ED /* Assets.xcassets in Resources */,
				A19A92F5280FC0E8007822ED /* Main.storyboard in Resources */,
			);
			runOnlyForDeploymentPostprocessing = 0;
		};
		A19A92FE280FC0EB007822ED /* Resources */ = {
			isa = PBXResourcesBuildPhase;
			buildActionMask = 2147483647;
			files = (
			);
			runOnlyForDeploymentPostprocessing = 0;
		};
		A19A9308280FC0EB007822ED /* Resources */ = {
			isa = PBXResourcesBuildPhase;
			buildActionMask = 2147483647;
			files = (
			);
			runOnlyForDeploymentPostprocessing = 0;
		};
/* End PBXResourcesBuildPhase section */

/* Begin PBXShellScriptBuildPhase section */
		3D36B5FDC502252C3470BC74 /* [CP] Embed Pods Frameworks */ = {
			isa = PBXShellScriptBuildPhase;
			buildActionMask = 2147483647;
			files = (
			);
			inputFileListPaths = (
				"${PODS_ROOT}/Target Support Files/Pods-BonVoya-BonVoyaUITests/Pods-BonVoya-BonVoyaUITests-frameworks-${CONFIGURATION}-input-files.xcfilelist",
			);
			name = "[CP] Embed Pods Frameworks";
			outputFileListPaths = (
				"${PODS_ROOT}/Target Support Files/Pods-BonVoya-BonVoyaUITests/Pods-BonVoya-BonVoyaUITests-frameworks-${CONFIGURATION}-output-files.xcfilelist",
			);
			runOnlyForDeploymentPostprocessing = 0;
			shellPath = /bin/sh;
			shellScript = "\"${PODS_ROOT}/Target Support Files/Pods-BonVoya-BonVoyaUITests/Pods-BonVoya-BonVoyaUITests-frameworks.sh\"\n";
			showEnvVarsInLog = 0;
		};
		5BD66738B1FF528D31722387 /* [CP] Check Pods Manifest.lock */ = {
			isa = PBXShellScriptBuildPhase;
			buildActionMask = 2147483647;
			files = (
			);
			inputFileListPaths = (
			);
			inputPaths = (
				"${PODS_PODFILE_DIR_PATH}/Podfile.lock",
				"${PODS_ROOT}/Manifest.lock",
			);
			name = "[CP] Check Pods Manifest.lock";
			outputFileListPaths = (
			);
			outputPaths = (
				"$(DERIVED_FILE_DIR)/Pods-BonVoyaTests-checkManifestLockResult.txt",
			);
			runOnlyForDeploymentPostprocessing = 0;
			shellPath = /bin/sh;
			shellScript = "diff \"${PODS_PODFILE_DIR_PATH}/Podfile.lock\" \"${PODS_ROOT}/Manifest.lock\" > /dev/null\nif [ $? != 0 ] ; then\n    # print error to STDERR\n    echo \"error: The sandbox is not in sync with the Podfile.lock. Run 'pod install' or update your CocoaPods installation.\" >&2\n    exit 1\nfi\n# This output is used by Xcode 'outputs' to avoid re-running this script phase.\necho \"SUCCESS\" > \"${SCRIPT_OUTPUT_FILE_0}\"\n";
			showEnvVarsInLog = 0;
		};
		6D937EF79480E33881CD00E7 /* [CP] Check Pods Manifest.lock */ = {
			isa = PBXShellScriptBuildPhase;
			buildActionMask = 2147483647;
			files = (
			);
			inputFileListPaths = (
			);
			inputPaths = (
				"${PODS_PODFILE_DIR_PATH}/Podfile.lock",
				"${PODS_ROOT}/Manifest.lock",
			);
			name = "[CP] Check Pods Manifest.lock";
			outputFileListPaths = (
			);
			outputPaths = (
				"$(DERIVED_FILE_DIR)/Pods-BonVoya-BonVoyaUITests-checkManifestLockResult.txt",
			);
			runOnlyForDeploymentPostprocessing = 0;
			shellPath = /bin/sh;
			shellScript = "diff \"${PODS_PODFILE_DIR_PATH}/Podfile.lock\" \"${PODS_ROOT}/Manifest.lock\" > /dev/null\nif [ $? != 0 ] ; then\n    # print error to STDERR\n    echo \"error: The sandbox is not in sync with the Podfile.lock. Run 'pod install' or update your CocoaPods installation.\" >&2\n    exit 1\nfi\n# This output is used by Xcode 'outputs' to avoid re-running this script phase.\necho \"SUCCESS\" > \"${SCRIPT_OUTPUT_FILE_0}\"\n";
			showEnvVarsInLog = 0;
		};
		AE284789B720F0AE8625C913 /* [CP] Embed Pods Frameworks */ = {
			isa = PBXShellScriptBuildPhase;
			buildActionMask = 2147483647;
			files = (
			);
			inputFileListPaths = (
				"${PODS_ROOT}/Target Support Files/Pods-BonVoya/Pods-BonVoya-frameworks-${CONFIGURATION}-input-files.xcfilelist",
			);
			name = "[CP] Embed Pods Frameworks";
			outputFileListPaths = (
				"${PODS_ROOT}/Target Support Files/Pods-BonVoya/Pods-BonVoya-frameworks-${CONFIGURATION}-output-files.xcfilelist",
			);
			runOnlyForDeploymentPostprocessing = 0;
			shellPath = /bin/sh;
			shellScript = "\"${PODS_ROOT}/Target Support Files/Pods-BonVoya/Pods-BonVoya-frameworks.sh\"\n";
			showEnvVarsInLog = 0;
		};
		D4BCF73F5EC09070DD2C38C2 /* [CP] Check Pods Manifest.lock */ = {
			isa = PBXShellScriptBuildPhase;
			buildActionMask = 2147483647;
			files = (
			);
			inputFileListPaths = (
			);
			inputPaths = (
				"${PODS_PODFILE_DIR_PATH}/Podfile.lock",
				"${PODS_ROOT}/Manifest.lock",
			);
			name = "[CP] Check Pods Manifest.lock";
			outputFileListPaths = (
			);
			outputPaths = (
				"$(DERIVED_FILE_DIR)/Pods-BonVoya-checkManifestLockResult.txt",
			);
			runOnlyForDeploymentPostprocessing = 0;
			shellPath = /bin/sh;
			shellScript = "diff \"${PODS_PODFILE_DIR_PATH}/Podfile.lock\" \"${PODS_ROOT}/Manifest.lock\" > /dev/null\nif [ $? != 0 ] ; then\n    # print error to STDERR\n    echo \"error: The sandbox is not in sync with the Podfile.lock. Run 'pod install' or update your CocoaPods installation.\" >&2\n    exit 1\nfi\n# This output is used by Xcode 'outputs' to avoid re-running this script phase.\necho \"SUCCESS\" > \"${SCRIPT_OUTPUT_FILE_0}\"\n";
			showEnvVarsInLog = 0;
		};
/* End PBXShellScriptBuildPhase section */

/* Begin PBXSourcesBuildPhase section */
		A19A92E6280FC0E7007822ED /* Sources */ = {
			isa = PBXSourcesBuildPhase;
			buildActionMask = 2147483647;
			files = (
				A159D70F281FA1B9005518CC /* DashViewController.swift in Sources */,
				A1056C2C2814D7AF0015F973 /* LoginViewController.swift in Sources */,
				A12E056A2835B0CB0047F9FF /* WeatherManager.swift in Sources */,
				A19A92EE280FC0E8007822ED /* AppDelegate.swift in Sources */,
				A19A92F0280FC0E8007822ED /* SceneDelegate.swift in Sources */,
				319FF43A281B6B8C00682A56 /* WelcomeViewController.swift in Sources */,
				4E55970D282654B5008C1184 /* DashCell.swift in Sources */,
			);
			runOnlyForDeploymentPostprocessing = 0;
		};
		A19A92FC280FC0EB007822ED /* Sources */ = {
			isa = PBXSourcesBuildPhase;
			buildActionMask = 2147483647;
			files = (
				A19A9305280FC0EB007822ED /* BonVoyaTests.swift in Sources */,
			);
			runOnlyForDeploymentPostprocessing = 0;
		};
		A19A9306280FC0EB007822ED /* Sources */ = {
			isa = PBXSourcesBuildPhase;
			buildActionMask = 2147483647;
			files = (
				A19A930F280FC0EB007822ED /* BonVoyaUITests.swift in Sources */,
				A19A9311280FC0EB007822ED /* BonVoyaUITestsLaunchTests.swift in Sources */,
			);
			runOnlyForDeploymentPostprocessing = 0;
		};
/* End PBXSourcesBuildPhase section */

/* Begin PBXTargetDependency section */
		A19A9302280FC0EB007822ED /* PBXTargetDependency */ = {
			isa = PBXTargetDependency;
			target = A19A92E9280FC0E7007822ED /* BonVoya */;
			targetProxy = A19A9301280FC0EB007822ED /* PBXContainerItemProxy */;
		};
		A19A930C280FC0EB007822ED /* PBXTargetDependency */ = {
			isa = PBXTargetDependency;
			target = A19A92E9280FC0E7007822ED /* BonVoya */;
			targetProxy = A19A930B280FC0EB007822ED /* PBXContainerItemProxy */;
		};
/* End PBXTargetDependency section */

/* Begin PBXVariantGroup section */
		A19A92F3280FC0E8007822ED /* Main.storyboard */ = {
			isa = PBXVariantGroup;
			children = (
				A19A92F4280FC0E8007822ED /* Base */,
			);
			name = Main.storyboard;
			sourceTree = "<group>";
		};
		A19A92F8280FC0EB007822ED /* LaunchScreen.storyboard */ = {
			isa = PBXVariantGroup;
			children = (
				A19A92F9280FC0EB007822ED /* Base */,
			);
			name = LaunchScreen.storyboard;
			sourceTree = "<group>";
		};
/* End PBXVariantGroup section */

/* Begin XCBuildConfiguration section */
		A19A9312280FC0EB007822ED /* Debug */ = {
			isa = XCBuildConfiguration;
			buildSettings = {
				ALWAYS_SEARCH_USER_PATHS = NO;
				CLANG_ANALYZER_NONNULL = YES;
				CLANG_ANALYZER_NUMBER_OBJECT_CONVERSION = YES_AGGRESSIVE;
				CLANG_CXX_LANGUAGE_STANDARD = "gnu++17";
				CLANG_ENABLE_MODULES = YES;
				CLANG_ENABLE_OBJC_ARC = YES;
				CLANG_ENABLE_OBJC_WEAK = YES;
				CLANG_WARN_BLOCK_CAPTURE_AUTORELEASING = YES;
				CLANG_WARN_BOOL_CONVERSION = YES;
				CLANG_WARN_COMMA = YES;
				CLANG_WARN_CONSTANT_CONVERSION = YES;
				CLANG_WARN_DEPRECATED_OBJC_IMPLEMENTATIONS = YES;
				CLANG_WARN_DIRECT_OBJC_ISA_USAGE = YES_ERROR;
				CLANG_WARN_DOCUMENTATION_COMMENTS = YES;
				CLANG_WARN_EMPTY_BODY = YES;
				CLANG_WARN_ENUM_CONVERSION = YES;
				CLANG_WARN_INFINITE_RECURSION = YES;
				CLANG_WARN_INT_CONVERSION = YES;
				CLANG_WARN_NON_LITERAL_NULL_CONVERSION = YES;
				CLANG_WARN_OBJC_IMPLICIT_RETAIN_SELF = YES;
				CLANG_WARN_OBJC_LITERAL_CONVERSION = YES;
				CLANG_WARN_OBJC_ROOT_CLASS = YES_ERROR;
				CLANG_WARN_QUOTED_INCLUDE_IN_FRAMEWORK_HEADER = YES;
				CLANG_WARN_RANGE_LOOP_ANALYSIS = YES;
				CLANG_WARN_STRICT_PROTOTYPES = YES;
				CLANG_WARN_SUSPICIOUS_MOVE = YES;
				CLANG_WARN_UNGUARDED_AVAILABILITY = YES_AGGRESSIVE;
				CLANG_WARN_UNREACHABLE_CODE = YES;
				CLANG_WARN__DUPLICATE_METHOD_MATCH = YES;
				COPY_PHASE_STRIP = NO;
				DEBUG_INFORMATION_FORMAT = dwarf;
				ENABLE_STRICT_OBJC_MSGSEND = YES;
				ENABLE_TESTABILITY = YES;
				GCC_C_LANGUAGE_STANDARD = gnu11;
				GCC_DYNAMIC_NO_PIC = NO;
				GCC_NO_COMMON_BLOCKS = YES;
				GCC_OPTIMIZATION_LEVEL = 0;
				GCC_PREPROCESSOR_DEFINITIONS = (
					"DEBUG=1",
					"$(inherited)",
				);
				GCC_WARN_64_TO_32_BIT_CONVERSION = YES;
				GCC_WARN_ABOUT_RETURN_TYPE = YES_ERROR;
				GCC_WARN_UNDECLARED_SELECTOR = YES;
				GCC_WARN_UNINITIALIZED_AUTOS = YES_AGGRESSIVE;
				GCC_WARN_UNUSED_FUNCTION = YES;
				GCC_WARN_UNUSED_VARIABLE = YES;
				IPHONEOS_DEPLOYMENT_TARGET = 14.3;
				MTL_ENABLE_DEBUG_INFO = INCLUDE_SOURCE;
				MTL_FAST_MATH = YES;
				ONLY_ACTIVE_ARCH = YES;
				SDKROOT = iphoneos;
				SWIFT_ACTIVE_COMPILATION_CONDITIONS = DEBUG;
				SWIFT_OPTIMIZATION_LEVEL = "-Onone";
			};
			name = Debug;
		};
		A19A9313280FC0EB007822ED /* Release */ = {
			isa = XCBuildConfiguration;
			buildSettings = {
				ALWAYS_SEARCH_USER_PATHS = NO;
				CLANG_ANALYZER_NONNULL = YES;
				CLANG_ANALYZER_NUMBER_OBJECT_CONVERSION = YES_AGGRESSIVE;
				CLANG_CXX_LANGUAGE_STANDARD = "gnu++17";
				CLANG_ENABLE_MODULES = YES;
				CLANG_ENABLE_OBJC_ARC = YES;
				CLANG_ENABLE_OBJC_WEAK = YES;
				CLANG_WARN_BLOCK_CAPTURE_AUTORELEASING = YES;
				CLANG_WARN_BOOL_CONVERSION = YES;
				CLANG_WARN_COMMA = YES;
				CLANG_WARN_CONSTANT_CONVERSION = YES;
				CLANG_WARN_DEPRECATED_OBJC_IMPLEMENTATIONS = YES;
				CLANG_WARN_DIRECT_OBJC_ISA_USAGE = YES_ERROR;
				CLANG_WARN_DOCUMENTATION_COMMENTS = YES;
				CLANG_WARN_EMPTY_BODY = YES;
				CLANG_WARN_ENUM_CONVERSION = YES;
				CLANG_WARN_INFINITE_RECURSION = YES;
				CLANG_WARN_INT_CONVERSION = YES;
				CLANG_WARN_NON_LITERAL_NULL_CONVERSION = YES;
				CLANG_WARN_OBJC_IMPLICIT_RETAIN_SELF = YES;
				CLANG_WARN_OBJC_LITERAL_CONVERSION = YES;
				CLANG_WARN_OBJC_ROOT_CLASS = YES_ERROR;
				CLANG_WARN_QUOTED_INCLUDE_IN_FRAMEWORK_HEADER = YES;
				CLANG_WARN_RANGE_LOOP_ANALYSIS = YES;
				CLANG_WARN_STRICT_PROTOTYPES = YES;
				CLANG_WARN_SUSPICIOUS_MOVE = YES;
				CLANG_WARN_UNGUARDED_AVAILABILITY = YES_AGGRESSIVE;
				CLANG_WARN_UNREACHABLE_CODE = YES;
				CLANG_WARN__DUPLICATE_METHOD_MATCH = YES;
				COPY_PHASE_STRIP = NO;
				DEBUG_INFORMATION_FORMAT = "dwarf-with-dsym";
				ENABLE_NS_ASSERTIONS = NO;
				ENABLE_STRICT_OBJC_MSGSEND = YES;
				GCC_C_LANGUAGE_STANDARD = gnu11;
				GCC_NO_COMMON_BLOCKS = YES;
				GCC_WARN_64_TO_32_BIT_CONVERSION = YES;
				GCC_WARN_ABOUT_RETURN_TYPE = YES_ERROR;
				GCC_WARN_UNDECLARED_SELECTOR = YES;
				GCC_WARN_UNINITIALIZED_AUTOS = YES_AGGRESSIVE;
				GCC_WARN_UNUSED_FUNCTION = YES;
				GCC_WARN_UNUSED_VARIABLE = YES;
				IPHONEOS_DEPLOYMENT_TARGET = 14.3;
				MTL_ENABLE_DEBUG_INFO = NO;
				MTL_FAST_MATH = YES;
				SDKROOT = iphoneos;
				SWIFT_COMPILATION_MODE = wholemodule;
				SWIFT_OPTIMIZATION_LEVEL = "-O";
				VALIDATE_PRODUCT = YES;
			};
			name = Release;
		};
		A19A9315280FC0EB007822ED /* Debug */ = {
			isa = XCBuildConfiguration;
			baseConfigurationReference = B1E16885653B267EA1C2C98A /* Pods-BonVoya.debug.xcconfig */;
			buildSettings = {
				ASSETCATALOG_COMPILER_APPICON_NAME = AppIcon;
				ASSETCATALOG_COMPILER_GLOBAL_ACCENT_COLOR_NAME = AccentColor;
				CODE_SIGN_IDENTITY = "Apple Development";
				CODE_SIGN_STYLE = Automatic;
				CURRENT_PROJECT_VERSION = 1;
				DEVELOPMENT_TEAM = F54M32JY6S;
				GENERATE_INFOPLIST_FILE = YES;
				INFOPLIST_FILE = BonVoya/Info.plist;
				INFOPLIST_KEY_UIApplicationSupportsIndirectInputEvents = YES;
				INFOPLIST_KEY_UILaunchStoryboardName = LaunchScreen;
				INFOPLIST_KEY_UIMainStoryboardFile = Main;
				INFOPLIST_KEY_UISupportedInterfaceOrientations = "";
				INFOPLIST_KEY_UISupportedInterfaceOrientations_iPad = "UIInterfaceOrientationPortrait UIInterfaceOrientationPortraitUpsideDown UIInterfaceOrientationLandscapeLeft UIInterfaceOrientationLandscapeRight";
				INFOPLIST_KEY_UISupportedInterfaceOrientations_iPhone = UIInterfaceOrientationPortrait;
				IPHONEOS_DEPLOYMENT_TARGET = 15.2;
				LD_RUNPATH_SEARCH_PATHS = (
					"$(inherited)",
					"@executable_path/Frameworks",
				);
				MARKETING_VERSION = 1.0;
				PRODUCT_BUNDLE_IDENTIFIER = com.BonVoyagers.BonVoya;
				PRODUCT_NAME = "$(TARGET_NAME)";
				PROVISIONING_PROFILE_SPECIFIER = "";
				SWIFT_EMIT_LOC_STRINGS = YES;
				SWIFT_VERSION = 5.0;
				TARGETED_DEVICE_FAMILY = 1;
			};
			name = Debug;
		};
		A19A9316280FC0EB007822ED /* Release */ = {
			isa = XCBuildConfiguration;
			baseConfigurationReference = 8DF13146E87E6BA33B251D7D /* Pods-BonVoya.release.xcconfig */;
			buildSettings = {
				ASSETCATALOG_COMPILER_APPICON_NAME = AppIcon;
				ASSETCATALOG_COMPILER_GLOBAL_ACCENT_COLOR_NAME = AccentColor;
				CODE_SIGN_IDENTITY = "Apple Development";
				CODE_SIGN_STYLE = Automatic;
				CURRENT_PROJECT_VERSION = 1;
				DEVELOPMENT_TEAM = F54M32JY6S;
				GENERATE_INFOPLIST_FILE = YES;
				INFOPLIST_FILE = BonVoya/Info.plist;
				INFOPLIST_KEY_UIApplicationSupportsIndirectInputEvents = YES;
				INFOPLIST_KEY_UILaunchStoryboardName = LaunchScreen;
				INFOPLIST_KEY_UIMainStoryboardFile = Main;
				INFOPLIST_KEY_UISupportedInterfaceOrientations = "";
				INFOPLIST_KEY_UISupportedInterfaceOrientations_iPad = "UIInterfaceOrientationPortrait UIInterfaceOrientationPortraitUpsideDown UIInterfaceOrientationLandscapeLeft UIInterfaceOrientationLandscapeRight";
				INFOPLIST_KEY_UISupportedInterfaceOrientations_iPhone = UIInterfaceOrientationPortrait;
				IPHONEOS_DEPLOYMENT_TARGET = 15.2;
				LD_RUNPATH_SEARCH_PATHS = (
					"$(inherited)",
					"@executable_path/Frameworks",
				);
				MARKETING_VERSION = 1.0;
				PRODUCT_BUNDLE_IDENTIFIER = com.BonVoyagers.BonVoya;
				PRODUCT_NAME = "$(TARGET_NAME)";
				PROVISIONING_PROFILE_SPECIFIER = "";
				SWIFT_EMIT_LOC_STRINGS = YES;
				SWIFT_VERSION = 5.0;
				TARGETED_DEVICE_FAMILY = 1;
			};
			name = Release;
		};
		A19A9318280FC0EB007822ED /* Debug */ = {
			isa = XCBuildConfiguration;
			baseConfigurationReference = C979C36C94CF2D3552A68F75 /* Pods-BonVoyaTests.debug.xcconfig */;
			buildSettings = {
				ALWAYS_EMBED_SWIFT_STANDARD_LIBRARIES = YES;
				BUNDLE_LOADER = "$(TEST_HOST)";
				CODE_SIGN_STYLE = Automatic;
				CURRENT_PROJECT_VERSION = 1;
				DEVELOPMENT_TEAM = F54M32JY6S;
				GENERATE_INFOPLIST_FILE = YES;
				IPHONEOS_DEPLOYMENT_TARGET = 15.4;
				MARKETING_VERSION = 1.0;
				PRODUCT_BUNDLE_IDENTIFIER = BonVoyagers.BonVoyaTests;
				PRODUCT_NAME = "$(TARGET_NAME)";
				SWIFT_EMIT_LOC_STRINGS = NO;
				SWIFT_VERSION = 5.0;
				TARGETED_DEVICE_FAMILY = "1,2";
				TEST_HOST = "$(BUILT_PRODUCTS_DIR)/BonVoya.app/BonVoya";
			};
			name = Debug;
		};
		A19A9319280FC0EB007822ED /* Release */ = {
			isa = XCBuildConfiguration;
			baseConfigurationReference = 0F7F48F1FA0152725AA0B08C /* Pods-BonVoyaTests.release.xcconfig */;
			buildSettings = {
				ALWAYS_EMBED_SWIFT_STANDARD_LIBRARIES = YES;
				BUNDLE_LOADER = "$(TEST_HOST)";
				CODE_SIGN_STYLE = Automatic;
				CURRENT_PROJECT_VERSION = 1;
				DEVELOPMENT_TEAM = F54M32JY6S;
				GENERATE_INFOPLIST_FILE = YES;
				IPHONEOS_DEPLOYMENT_TARGET = 15.4;
				MARKETING_VERSION = 1.0;
				PRODUCT_BUNDLE_IDENTIFIER = BonVoyagers.BonVoyaTests;
				PRODUCT_NAME = "$(TARGET_NAME)";
				SWIFT_EMIT_LOC_STRINGS = NO;
				SWIFT_VERSION = 5.0;
				TARGETED_DEVICE_FAMILY = "1,2";
				TEST_HOST = "$(BUILT_PRODUCTS_DIR)/BonVoya.app/BonVoya";
			};
			name = Release;
		};
		A19A931B280FC0EB007822ED /* Debug */ = {
			isa = XCBuildConfiguration;
			baseConfigurationReference = 4901A6929CBA2F198F05A473 /* Pods-BonVoya-BonVoyaUITests.debug.xcconfig */;
			buildSettings = {
				ALWAYS_EMBED_SWIFT_STANDARD_LIBRARIES = YES;
				CODE_SIGN_STYLE = Automatic;
				CURRENT_PROJECT_VERSION = 1;
				DEVELOPMENT_TEAM = F54M32JY6S;
				GENERATE_INFOPLIST_FILE = YES;
				MARKETING_VERSION = 1.0;
				PRODUCT_BUNDLE_IDENTIFIER = BonVoyagers.BonVoyaUITests;
				PRODUCT_NAME = "$(TARGET_NAME)";
				SWIFT_EMIT_LOC_STRINGS = NO;
				SWIFT_VERSION = 5.0;
				TARGETED_DEVICE_FAMILY = "1,2";
				TEST_TARGET_NAME = BonVoya;
			};
			name = Debug;
		};
		A19A931C280FC0EB007822ED /* Release */ = {
			isa = XCBuildConfiguration;
			baseConfigurationReference = 61AFD5D7F05F802B936D4499 /* Pods-BonVoya-BonVoyaUITests.release.xcconfig */;
			buildSettings = {
				ALWAYS_EMBED_SWIFT_STANDARD_LIBRARIES = YES;
				CODE_SIGN_STYLE = Automatic;
				CURRENT_PROJECT_VERSION = 1;
				DEVELOPMENT_TEAM = F54M32JY6S;
				GENERATE_INFOPLIST_FILE = YES;
				MARKETING_VERSION = 1.0;
				PRODUCT_BUNDLE_IDENTIFIER = BonVoyagers.BonVoyaUITests;
				PRODUCT_NAME = "$(TARGET_NAME)";
				SWIFT_EMIT_LOC_STRINGS = NO;
				SWIFT_VERSION = 5.0;
				TARGETED_DEVICE_FAMILY = "1,2";
				TEST_TARGET_NAME = BonVoya;
			};
			name = Release;
		};
/* End XCBuildConfiguration section */

/* Begin XCConfigurationList section */
		A19A92E5280FC0E7007822ED /* Build configuration list for PBXProject "BonVoya" */ = {
			isa = XCConfigurationList;
			buildConfigurations = (
				A19A9312280FC0EB007822ED /* Debug */,
				A19A9313280FC0EB007822ED /* Release */,
			);
			defaultConfigurationIsVisible = 0;
			defaultConfigurationName = Release;
		};
		A19A9314280FC0EB007822ED /* Build configuration list for PBXNativeTarget "BonVoya" */ = {
			isa = XCConfigurationList;
			buildConfigurations = (
				A19A9315280FC0EB007822ED /* Debug */,
				A19A9316280FC0EB007822ED /* Release */,
			);
			defaultConfigurationIsVisible = 0;
			defaultConfigurationName = Release;
		};
		A19A9317280FC0EB007822ED /* Build configuration list for PBXNativeTarget "BonVoyaTests" */ = {
			isa = XCConfigurationList;
			buildConfigurations = (
				A19A9318280FC0EB007822ED /* Debug */,
				A19A9319280FC0EB007822ED /* Release */,
			);
			defaultConfigurationIsVisible = 0;
			defaultConfigurationName = Release;
		};
		A19A931A280FC0EB007822ED /* Build configuration list for PBXNativeTarget "BonVoyaUITests" */ = {
			isa = XCConfigurationList;
			buildConfigurations = (
				A19A931B280FC0EB007822ED /* Debug */,
				A19A931C280FC0EB007822ED /* Release */,
			);
			defaultConfigurationIsVisible = 0;
			defaultConfigurationName = Release;
		};
/* End XCConfigurationList section */
	};
	rootObject = A19A92E2280FC0E7007822ED /* Project object */;
}
